
Microsoft Visual Studio Solution File, Format Version 12.00
# Visual Studio 14
VisualStudioVersion = 14.0.25420.1
MinimumVisualStudioVersion = 10.0.40219.1
Project("{FAE04EC0-301F-11D3-BF4B-00C04F79EFBC}") = "016_Chart", "016_Chart\016_Chart.csproj", "{6A105B48-9383-45E0-88D1-ABF002B896EA}"
EndProject
Project("{FAE04EC0-301F-11D3-BF4B-00C04F79EFBC}") = "017_WPF_Chart", "WPF_Chart\017_WPF_Chart.csproj", "{498D9BF0-63E4-4BA6-8674-8CF962B75C4A}"
EndProject
Global
	GlobalSection(SolutionConfigurationPlatforms) = preSolution
		Debug|Any CPU = Debug|Any CPU
		Release|Any CPU = Release|Any CPU
	EndGlobalSection
	GlobalSection(ProjectConfigurationPlatforms) = postSolution
		{6A105B48-9383-45E0-88D1-ABF002B896EA}.Debug|Any CPU.ActiveCfg = Debug|Any CPU
		{6A105B48-9383-45E0-88D1-ABF002B896EA}.Debug|Any CPU.Build.0 = Debug|Any CPU
		{6A105B48-9383-45E0-88D1-ABF002B896EA}.Release|Any CPU.ActiveCfg = Release|Any CPU
		{6A105B48-9383-45E0-88D1-ABF002B896EA}.Release|Any CPU.Build.0 = Release|Any CPU
		{498D9BF0-63E4-4BA6-8674-8CF962B75C4A}.Debug|Any CPU.ActiveCfg = Debug|Any CPU
		{498D9BF0-63E4-4BA6-8674-8CF962B75C4A}.Debug|Any CPU.Build.0 = Debug|Any CPU
		{498D9BF0-63E4-4BA6-8674-8CF962B75C4A}.Release|Any CPU.ActiveCfg = Release|Any CPU
		{498D9BF0-63E4-4BA6-8674-8CF962B75C4A}.Release|Any CPU.Build.0 = Release|Any CPU
	EndGlobalSection
	GlobalSection(SolutionProperties) = preSolution
		HideSolutionNode = FALSE
	EndGlobalSection
EndGlobal
